
Microsoft Visual Studio Solution File, Format Version 12.00
# Visual Studio Version 17
VisualStudioVersion = 17.5.002.0
MinimumVisualStudioVersion = 10.0.40219.1
Project("{2150E333-8FDC-42A3-9474-1A3956D46DE8}") = "csharp-prep", "csharp-prep", "{23EA8F48-D4BB-4B7F-886E-579CF8A74744}"
EndProject
Project("{9A19103F-16F7-4668-BE54-9A1E7A4F7556}") = "Prep1", "csharp-prep\Prep1\Prep1.csproj", "{3583C377-8006-453C-BB49-69304FC61381}"
EndProject
Project("{9A19103F-16F7-4668-BE54-9A1E7A4F7556}") = "Prep2", "csharp-prep\Prep2\Prep2.csproj", "{FAE5655C-A7CB-4560-AE3B-3AEFCAA51A75}"
EndProject
Project("{9A19103F-16F7-4668-BE54-9A1E7A4F7556}") = "Prep3", "csharp-prep\Prep3\Prep3.csproj", "{788519DF-FB9A-421A-B18B-9DF585EADF00}"
EndProject
Project("{9A19103F-16F7-4668-BE54-9A1E7A4F7556}") = "Prep4", "csharp-prep\Prep4\Prep4.csproj", "{E6DEA575-25AC-4643-BF1F-9517B6825EE5}"
EndProject
Project("{9A19103F-16F7-4668-BE54-9A1E7A4F7556}") = "Prep5", "csharp-prep\Prep5\Prep5.csproj", "{B262C466-8396-4E5D-9881-F8E5F286C383}"
EndProject
Project("{2150E333-8FDC-42A3-9474-1A3956D46DE8}") = "final", "final", "{A0E43872-BCD4-4AED-90F3-769F6792262C}"
EndProject
Project("{9A19103F-16F7-4668-BE54-9A1E7A4F7556}") = "FinalProject", "final\FinalProject\FinalProject.csproj", "{0A5BD45B-4D5A-4D9D-BB1E-D5734A211BE6}"
EndProject
Project("{9A19103F-16F7-4668-BE54-9A1E7A4F7556}") = "Foundation1", "final\Foundation1\Foundation1.csproj", "{DF7E9E14-989D-42C7-87DE-07E0E3A2168B}"
EndProject
Project("{9A19103F-16F7-4668-BE54-9A1E7A4F7556}") = "Foundation2", "final\Foundation2\Foundation2.csproj", "{ABDD1991-02FF-4CE0-AB5A-F3640F93FF26}"
EndProject
Project("{9A19103F-16F7-4668-BE54-9A1E7A4F7556}") = "Foundation3", "final\Foundation3\Foundation3.csproj", "{BC1BEEBF-37B7-4BD6-A7A2-D6BA0324D4CE}"
EndProject
Project("{9A19103F-16F7-4668-BE54-9A1E7A4F7556}") = "Foundation4", "final\Foundation4\Foundation4.csproj", "{9BCF2A1F-5230-4131-8B0D-4407F6117BCC}"
EndProject
Project("{2150E333-8FDC-42A3-9474-1A3956D46DE8}") = "prepare", "prepare", "{1F1B72E5-1BA7-4041-B291-E2D30BBAA965}"
EndProject
Project("{9A19103F-16F7-4668-BE54-9A1E7A4F7556}") = "Learning02", "prepare\Learning02\Learning02.csproj", "{E6F87A9F-D7D5-47F6-8375-EC85AFD6390F}"
EndProject
Project("{9A19103F-16F7-4668-BE54-9A1E7A4F7556}") = "Learning03", "prepare\Learning03\Learning03.csproj", "{568A9240-F2F2-4D0E-A971-85D9E8DC522D}"
EndProject
Project("{9A19103F-16F7-4668-BE54-9A1E7A4F7556}") = "Learning04", "prepare\Learning04\Learning04.csproj", "{F3F1D1CB-27B7-4FF7-9F2A-AFB73F6A3706}"
EndProject
Project("{9A19103F-16F7-4668-BE54-9A1E7A4F7556}") = "Learning05", "prepare\Learning05\Learning05.csproj", "{0708FA00-59DB-4B89-8C9B-4273395FA188}"
EndProject
Project("{2150E333-8FDC-42A3-9474-1A3956D46DE8}") = "prove", "prove", "{4231A256-0A85-4EB9-88A1-D5B4712E3F1D}"
EndProject
Project("{9A19103F-16F7-4668-BE54-9A1E7A4F7556}") = "Develop02", "prove\Develop02\Develop02.csproj", "{0AEB9FA5-3FB4-4C0D-81B6-818CCB4E96E9}"
EndProject
Project("{9A19103F-16F7-4668-BE54-9A1E7A4F7556}") = "Develop03", "prove\Develop03\Develop03.csproj", "{D4B432C3-262E-4BBA-B9DB-436EFCA8295C}"
EndProject
Project("{9A19103F-16F7-4668-BE54-9A1E7A4F7556}") = "Develop04", "prove\Develop04\Develop04.csproj", "{16170E92-DE30-4128-AC2E-D256B269BF79}"
EndProject
Project("{9A19103F-16F7-4668-BE54-9A1E7A4F7556}") = "Develop05", "prove\Develop05\Develop05.csproj", "{6DABE8C1-F9A4-44D3-856B-310DBEEC01A3}"
EndProject
Project("{2150E333-8FDC-42A3-9474-1A3956D46DE8}") = "sandbox", "sandbox", "{DBBD7F83-B0E2-4173-96E2-E35BD0A97DFB}"
EndProject
Project("{9A19103F-16F7-4668-BE54-9A1E7A4F7556}") = "Sandbox", "sandbox\Sandbox\Sandbox.csproj", "{B43D6D28-7798-4355-9B7C-67886430A68A}"
EndProject
Global
	GlobalSection(SolutionConfigurationPlatforms) = preSolution
		Debug|Any CPU = Debug|Any CPU
		Release|Any CPU = Release|Any CPU
	EndGlobalSection
	GlobalSection(ProjectConfigurationPlatforms) = postSolution
		{3583C377-8006-453C-BB49-69304FC61381}.Debug|Any CPU.ActiveCfg = Debug|Any CPU
		{3583C377-8006-453C-BB49-69304FC61381}.Debug|Any CPU.Build.0 = Debug|Any CPU
		{3583C377-8006-453C-BB49-69304FC61381}.Release|Any CPU.ActiveCfg = Release|Any CPU
		{3583C377-8006-453C-BB49-69304FC61381}.Release|Any CPU.Build.0 = Release|Any CPU
		{FAE5655C-A7CB-4560-AE3B-3AEFCAA51A75}.Debug|Any CPU.ActiveCfg = Debug|Any CPU
		{FAE5655C-A7CB-4560-AE3B-3AEFCAA51A75}.Debug|Any CPU.Build.0 = Debug|Any CPU
		{FAE5655C-A7CB-4560-AE3B-3AEFCAA51A75}.Release|Any CPU.ActiveCfg = Release|Any CPU
		{FAE5655C-A7CB-4560-AE3B-3AEFCAA51A75}.Release|Any CPU.Build.0 = Release|Any CPU
		{788519DF-FB9A-421A-B18B-9DF585EADF00}.Debug|Any CPU.ActiveCfg = Debug|Any CPU
		{788519DF-FB9A-421A-B18B-9DF585EADF00}.Debug|Any CPU.Build.0 = Debug|Any CPU
		{788519DF-FB9A-421A-B18B-9DF585EADF00}.Release|Any CPU.ActiveCfg = Release|Any CPU
		{788519DF-FB9A-421A-B18B-9DF585EADF00}.Release|Any CPU.Build.0 = Release|Any CPU
		{E6DEA575-25AC-4643-BF1F-9517B6825EE5}.Debug|Any CPU.ActiveCfg = Debug|Any CPU
		{E6DEA575-25AC-4643-BF1F-9517B6825EE5}.Debug|Any CPU.Build.0 = Debug|Any CPU
		{E6DEA575-25AC-4643-BF1F-9517B6825EE5}.Release|Any CPU.ActiveCfg = Release|Any CPU
		{E6DEA575-25AC-4643-BF1F-9517B6825EE5}.Release|Any CPU.Build.0 = Release|Any CPU
		{B262C466-8396-4E5D-9881-F8E5F286C383}.Debug|Any CPU.ActiveCfg = Debug|Any CPU
		{B262C466-8396-4E5D-9881-F8E5F286C383}.Debug|Any CPU.Build.0 = Debug|Any CPU
		{B262C466-8396-4E5D-9881-F8E5F286C383}.Release|Any CPU.ActiveCfg = Release|Any CPU
		{B262C466-8396-4E5D-9881-F8E5F286C383}.Release|Any CPU.Build.0 = Release|Any CPU
		{0A5BD45B-4D5A-4D9D-BB1E-D5734A211BE6}.Debug|Any CPU.ActiveCfg = Debug|Any CPU
		{0A5BD45B-4D5A-4D9D-BB1E-D5734A211BE6}.Debug|Any CPU.Build.0 = Debug|Any CPU
		{0A5BD45B-4D5A-4D9D-BB1E-D5734A211BE6}.Release|Any CPU.ActiveCfg = Release|Any CPU
		{0A5BD45B-4D5A-4D9D-BB1E-D5734A211BE6}.Release|Any CPU.Build.0 = Release|Any CPU
		{DF7E9E14-989D-42C7-87DE-07E0E3A2168B}.Debug|Any CPU.ActiveCfg = Debug|Any CPU
		{DF7E9E14-989D-42C7-87DE-07E0E3A2168B}.Debug|Any CPU.Build.0 = Debug|Any CPU
		{DF7E9E14-989D-42C7-87DE-07E0E3A2168B}.Release|Any CPU.ActiveCfg = Release|Any CPU
		{DF7E9E14-989D-42C7-87DE-07E0E3A2168B}.Release|Any CPU.Build.0 = Release|Any CPU
		{ABDD1991-02FF-4CE0-AB5A-F3640F93FF26}.Debug|Any CPU.ActiveCfg = Debug|Any CPU
		{ABDD1991-02FF-4CE0-AB5A-F3640F93FF26}.Debug|Any CPU.Build.0 = Debug|Any CPU
		{ABDD1991-02FF-4CE0-AB5A-F3640F93FF26}.Release|Any CPU.ActiveCfg = Release|Any CPU
		{ABDD1991-02FF-4CE0-AB5A-F3640F93FF26}.Release|Any CPU.Build.0 = Release|Any CPU
		{BC1BEEBF-37B7-4BD6-A7A2-D6BA0324D4CE}.Debug|Any CPU.ActiveCfg = Debug|Any CPU
		{BC1BEEBF-37B7-4BD6-A7A2-D6BA0324D4CE}.Debug|Any CPU.Build.0 = Debug|Any CPU
		{BC1BEEBF-37B7-4BD6-A7A2-D6BA0324D4CE}.Release|Any CPU.ActiveCfg = Release|Any CPU
		{BC1BEEBF-37B7-4BD6-A7A2-D6BA0324D4CE}.Release|Any CPU.Build.0 = Release|Any CPU
		{9BCF2A1F-5230-4131-8B0D-4407F6117BCC}.Debug|Any CPU.ActiveCfg = Debug|Any CPU
		{9BCF2A1F-5230-4131-8B0D-4407F6117BCC}.Debug|Any CPU.Build.0 = Debug|Any CPU
		{9BCF2A1F-5230-4131-8B0D-4407F6117BCC}.Release|Any CPU.ActiveCfg = Release|Any CPU
		{9BCF2A1F-5230-4131-8B0D-4407F6117BCC}.Release|Any CPU.Build.0 = Release|Any CPU
		{E6F87A9F-D7D5-47F6-8375-EC85AFD6390F}.Debug|Any CPU.ActiveCfg = Debug|Any CPU
		{E6F87A9F-D7D5-47F6-8375-EC85AFD6390F}.Debug|Any CPU.Build.0 = Debug|Any CPU
		{E6F87A9F-D7D5-47F6-8375-EC85AFD6390F}.Release|Any CPU.ActiveCfg = Release|Any CPU
		{E6F87A9F-D7D5-47F6-8375-EC85AFD6390F}.Release|Any CPU.Build.0 = Release|Any CPU
		{568A9240-F2F2-4D0E-A971-85D9E8DC522D}.Debug|Any CPU.ActiveCfg = Debug|Any CPU
		{568A9240-F2F2-4D0E-A971-85D9E8DC522D}.Debug|Any CPU.Build.0 = Debug|Any CPU
		{568A9240-F2F2-4D0E-A971-85D9E8DC522D}.Release|Any CPU.ActiveCfg = Release|Any CPU
		{568A9240-F2F2-4D0E-A971-85D9E8DC522D}.Release|Any CPU.Build.0 = Release|Any CPU
		{F3F1D1CB-27B7-4FF7-9F2A-AFB73F6A3706}.Debug|Any CPU.ActiveCfg = Debug|Any CPU
		{F3F1D1CB-27B7-4FF7-9F2A-AFB73F6A3706}.Debug|Any CPU.Build.0 = Debug|Any CPU
		{F3F1D1CB-27B7-4FF7-9F2A-AFB73F6A3706}.Release|Any CPU.ActiveCfg = Release|Any CPU
		{F3F1D1CB-27B7-4FF7-9F2A-AFB73F6A3706}.Release|Any CPU.Build.0 = Release|Any CPU
		{0708FA00-59DB-4B89-8C9B-4273395FA188}.Debug|Any CPU.ActiveCfg = Debug|Any CPU
		{0708FA00-59DB-4B89-8C9B-4273395FA188}.Debug|Any CPU.Build.0 = Debug|Any CPU
		{0708FA00-59DB-4B89-8C9B-4273395FA188}.Release|Any CPU.ActiveCfg = Release|Any CPU
		{0708FA00-59DB-4B89-8C9B-4273395FA188}.Release|Any CPU.Build.0 = Release|Any CPU
		{0AEB9FA5-3FB4-4C0D-81B6-818CCB4E96E9}.Debug|Any CPU.ActiveCfg = Debug|Any CPU
		{0AEB9FA5-3FB4-4C0D-81B6-818CCB4E96E9}.Debug|Any CPU.Build.0 = Debug|Any CPU
		{0AEB9FA5-3FB4-4C0D-81B6-818CCB4E96E9}.Release|Any CPU.ActiveCfg = Release|Any CPU
		{0AEB9FA5-3FB4-4C0D-81B6-818CCB4E96E9}.Release|Any CPU.Build.0 = Release|Any CPU
		{D4B432C3-262E-4BBA-B9DB-436EFCA8295C}.Debug|Any CPU.ActiveCfg = Debug|Any CPU
		{D4B432C3-262E-4BBA-B9DB-436EFCA8295C}.Debug|Any CPU.Build.0 = Debug|Any CPU
		{D4B432C3-262E-4BBA-B9DB-436EFCA8295C}.Release|Any CPU.ActiveCfg = Release|Any CPU
		{D4B432C3-262E-4BBA-B9DB-436EFCA8295C}.Release|Any CPU.Build.0 = Release|Any CPU
		{16170E92-DE30-4128-AC2E-D256B269BF79}.Debug|Any CPU.ActiveCfg = Debug|Any CPU
		{16170E92-DE30-4128-AC2E-D256B269BF79}.Debug|Any CPU.Build.0 = Debug|Any CPU
		{16170E92-DE30-4128-AC2E-D256B269BF79}.Release|Any CPU.ActiveCfg = Release|Any CPU
		{16170E92-DE30-4128-AC2E-D256B269BF79}.Release|Any CPU.Build.0 = Release|Any CPU
		{6DABE8C1-F9A4-44D3-856B-310DBEEC01A3}.Debug|Any CPU.ActiveCfg = Debug|Any CPU
		{6DABE8C1-F9A4-44D3-856B-310DBEEC01A3}.Debug|Any CPU.Build.0 = Debug|Any CPU
		{6DABE8C1-F9A4-44D3-856B-310DBEEC01A3}.Release|Any CPU.ActiveCfg = Release|Any CPU
		{6DABE8C1-F9A4-44D3-856B-310DBEEC01A3}.Release|Any CPU.Build.0 = Release|Any CPU
		{B43D6D28-7798-4355-9B7C-67886430A68A}.Debug|Any CPU.ActiveCfg = Debug|Any CPU
		{B43D6D28-7798-4355-9B7C-67886430A68A}.Debug|Any CPU.Build.0 = Debug|Any CPU
		{B43D6D28-7798-4355-9B7C-67886430A68A}.Release|Any CPU.ActiveCfg = Release|Any CPU
		{B43D6D28-7798-4355-9B7C-67886430A68A}.Release|Any CPU.Build.0 = Release|Any CPU
	EndGlobalSection
	GlobalSection(SolutionProperties) = preSolution
		HideSolutionNode = FALSE
	EndGlobalSection
	GlobalSection(NestedProjects) = preSolution
		{3583C377-8006-453C-BB49-69304FC61381} = {23EA8F48-D4BB-4B7F-886E-579CF8A74744}
		{FAE5655C-A7CB-4560-AE3B-3AEFCAA51A75} = {23EA8F48-D4BB-4B7F-886E-579CF8A74744}
		{788519DF-FB9A-421A-B18B-9DF585EADF00} = {23EA8F48-D4BB-4B7F-886E-579CF8A74744}
		{E6DEA575-25AC-4643-BF1F-9517B6825EE5} = {23EA8F48-D4BB-4B7F-886E-579CF8A74744}
		{B262C466-8396-4E5D-9881-F8E5F286C383} = {23EA8F48-D4BB-4B7F-886E-579CF8A74744}
		{0A5BD45B-4D5A-4D9D-BB1E-D5734A211BE6} = {A0E43872-BCD4-4AED-90F3-769F6792262C}
		{DF7E9E14-989D-42C7-87DE-07E0E3A2168B} = {A0E43872-BCD4-4AED-90F3-769F6792262C}
		{ABDD1991-02FF-4CE0-AB5A-F3640F93FF26} = {A0E43872-BCD4-4AED-90F3-769F6792262C}
		{BC1BEEBF-37B7-4BD6-A7A2-D6BA0324D4CE} = {A0E43872-BCD4-4AED-90F3-769F6792262C}
		{9BCF2A1F-5230-4131-8B0D-4407F6117BCC} = {A0E43872-BCD4-4AED-90F3-769F6792262C}
		{E6F87A9F-D7D5-47F6-8375-EC85AFD6390F} = {1F1B72E5-1BA7-4041-B291-E2D30BBAA965}
		{568A9240-F2F2-4D0E-A971-85D9E8DC522D} = {1F1B72E5-1BA7-4041-B291-E2D30BBAA965}
		{F3F1D1CB-27B7-4FF7-9F2A-AFB73F6A3706} = {1F1B72E5-1BA7-4041-B291-E2D30BBAA965}
		{0708FA00-59DB-4B89-8C9B-4273395FA188} = {1F1B72E5-1BA7-4041-B291-E2D30BBAA965}
		{0AEB9FA5-3FB4-4C0D-81B6-818CCB4E96E9} = {4231A256-0A85-4EB9-88A1-D5B4712E3F1D}
		{D4B432C3-262E-4BBA-B9DB-436EFCA8295C} = {4231A256-0A85-4EB9-88A1-D5B4712E3F1D}
		{16170E92-DE30-4128-AC2E-D256B269BF79} = {4231A256-0A85-4EB9-88A1-D5B4712E3F1D}
		{6DABE8C1-F9A4-44D3-856B-310DBEEC01A3} = {4231A256-0A85-4EB9-88A1-D5B4712E3F1D}
		{B43D6D28-7798-4355-9B7C-67886430A68A} = {DBBD7F83-B0E2-4173-96E2-E35BD0A97DFB}
	EndGlobalSection
	GlobalSection(ExtensibilityGlobals) = postSolution
		SolutionGuid = {E2C17477-371D-4EF5-AFD0-F1E918B89E62}
	EndGlobalSection
EndGlobal
